
Microsoft Visual Studio Solution File, Format Version 12.00
# Visual Studio Version 16
VisualStudioVersion = 16.0.30717.126
MinimumVisualStudioVersion = 10.0.40219.1
Project("{FAE04EC0-301F-11D3-BF4B-00C04F79EFBC}") = "HW7-1", "HW7-1.csproj", "{B66F02C6-7F44-4A92-9CE8-69FF56914EE6}"
EndProject
Global
	GlobalSection(SolutionConfigurationPlatforms) = preSolution
		Debug|Any CPU = Debug|Any CPU
		Release|Any CPU = Release|Any CPU
	EndGlobalSection
	GlobalSection(ProjectConfigurationPlatforms) = postSolution
		{B66F02C6-7F44-4A92-9CE8-69FF56914EE6}.Debug|Any CPU.ActiveCfg = Debug|Any CPU
		{B66F02C6-7F44-4A92-9CE8-69FF56914EE6}.Debug|Any CPU.Build.0 = Debug|Any CPU
		{B66F02C6-7F44-4A92-9CE8-69FF56914EE6}.Release|Any CPU.ActiveCfg = Release|Any CPU
		{B66F02C6-7F44-4A92-9CE8-69FF56914EE6}.Release|Any CPU.Build.0 = Release|Any CPU
	EndGlobalSection
	GlobalSection(SolutionProperties) = preSolution
		HideSolutionNode = FALSE
	EndGlobalSection
	GlobalSection(ExtensibilityGlobals) = postSolution
		SolutionGuid = {85190E2E-F9FA-4B05-AD05-691B9CD6A2BB}
	EndGlobalSection
EndGlobal
