
Microsoft Visual Studio Solution File, Format Version 12.00
# Visual Studio Version 16
VisualStudioVersion = 16.0.30114.105
MinimumVisualStudioVersion = 10.0.40219.1
Project("{FAE04EC0-301F-11D3-BF4B-00C04F79EFBC}") = "HW1", "ConsoleApp1\HW1.csproj", "{F1F8BB21-35AC-4796-8543-50E9AD077E54}"
EndProject
Project("{FAE04EC0-301F-11D3-BF4B-00C04F79EFBC}") = "HW2", "..\HW2\HW2.csproj", "{94AA6BB4-D425-4A3A-B27D-993AE841AEBD}"
EndProject
Project("{FAE04EC0-301F-11D3-BF4B-00C04F79EFBC}") = "HW3", "..\HW3\HW3.csproj", "{3ADD4F59-7FE9-46EC-8326-EF9C80D15A88}"
EndProject
Project("{FAE04EC0-301F-11D3-BF4B-00C04F79EFBC}") = "HW4", "..\HW4\HW4.csproj", "{D927D98D-7EBA-4B75-9A32-00581CE3237D}"
EndProject
Project("{FAE04EC0-301F-11D3-BF4B-00C04F79EFBC}") = "HW5", "..\HW5\HW5.csproj", "{88F3125B-519A-4F48-BCA1-2B20B3DC5BF4}"
EndProject
Global
	GlobalSection(SolutionConfigurationPlatforms) = preSolution
		Debug|Any CPU = Debug|Any CPU
		Release|Any CPU = Release|Any CPU
	EndGlobalSection
	GlobalSection(ProjectConfigurationPlatforms) = postSolution
		{F1F8BB21-35AC-4796-8543-50E9AD077E54}.Debug|Any CPU.ActiveCfg = Debug|Any CPU
		{F1F8BB21-35AC-4796-8543-50E9AD077E54}.Debug|Any CPU.Build.0 = Debug|Any CPU
		{F1F8BB21-35AC-4796-8543-50E9AD077E54}.Release|Any CPU.ActiveCfg = Release|Any CPU
		{F1F8BB21-35AC-4796-8543-50E9AD077E54}.Release|Any CPU.Build.0 = Release|Any CPU
		{94AA6BB4-D425-4A3A-B27D-993AE841AEBD}.Debug|Any CPU.ActiveCfg = Debug|Any CPU
		{94AA6BB4-D425-4A3A-B27D-993AE841AEBD}.Debug|Any CPU.Build.0 = Debug|Any CPU
		{94AA6BB4-D425-4A3A-B27D-993AE841AEBD}.Release|Any CPU.ActiveCfg = Release|Any CPU
		{94AA6BB4-D425-4A3A-B27D-993AE841AEBD}.Release|Any CPU.Build.0 = Release|Any CPU
		{3ADD4F59-7FE9-46EC-8326-EF9C80D15A88}.Debug|Any CPU.ActiveCfg = Debug|Any CPU
		{3ADD4F59-7FE9-46EC-8326-EF9C80D15A88}.Debug|Any CPU.Build.0 = Debug|Any CPU
		{3ADD4F59-7FE9-46EC-8326-EF9C80D15A88}.Release|Any CPU.ActiveCfg = Release|Any CPU
		{3ADD4F59-7FE9-46EC-8326-EF9C80D15A88}.Release|Any CPU.Build.0 = Release|Any CPU
		{D927D98D-7EBA-4B75-9A32-00581CE3237D}.Debug|Any CPU.ActiveCfg = Debug|Any CPU
		{D927D98D-7EBA-4B75-9A32-00581CE3237D}.Debug|Any CPU.Build.0 = Debug|Any CPU
		{D927D98D-7EBA-4B75-9A32-00581CE3237D}.Release|Any CPU.ActiveCfg = Release|Any CPU
		{D927D98D-7EBA-4B75-9A32-00581CE3237D}.Release|Any CPU.Build.0 = Release|Any CPU
		{88F3125B-519A-4F48-BCA1-2B20B3DC5BF4}.Debug|Any CPU.ActiveCfg = Debug|Any CPU
		{88F3125B-519A-4F48-BCA1-2B20B3DC5BF4}.Debug|Any CPU.Build.0 = Debug|Any CPU
		{88F3125B-519A-4F48-BCA1-2B20B3DC5BF4}.Release|Any CPU.ActiveCfg = Release|Any CPU
		{88F3125B-519A-4F48-BCA1-2B20B3DC5BF4}.Release|Any CPU.Build.0 = Release|Any CPU
	EndGlobalSection
	GlobalSection(SolutionProperties) = preSolution
		HideSolutionNode = FALSE
	EndGlobalSection
	GlobalSection(ExtensibilityGlobals) = postSolution
		SolutionGuid = {A8C6C8A2-7AA2-43E1-B320-D703A65B49A7}
	EndGlobalSection
EndGlobal
